
Microsoft Visual Studio Solution File, Format Version 12.00
Project("{FAE04EC0-301F-11D3-BF4B-00C04F79EFBC}") = "WebAssemblySharp", "WebAssemblySharp\WebAssemblySharp.csproj", "{1652AC83-5A7E-471F-9697-2FF044E8AFC6}"
EndProject
Project("{FAE04EC0-301F-11D3-BF4B-00C04F79EFBC}") = "WebAssemblySharpTest", "WebAssemblySharpTest\WebAssemblySharpTest.csproj", "{A942BB41-6194-46CD-99AF-5CFF8FF4C709}"
EndProject
Project("{FAE04EC0-301F-11D3-BF4B-00C04F79EFBC}") = "WebAssemblySharpBenchmark", "WebAssemblySharpBenchmark\WebAssemblySharpBenchmark.csproj", "{299C211F-A43D-40B6-B928-677067DB227C}"
EndProject
Project("{FAE04EC0-301F-11D3-BF4B-00C04F79EFBC}") = "WebAssemblySharpExampleData", "WebAssemblySharpExampleData\WebAssemblySharpExampleData.csproj", "{054A976F-B2C1-4792-971E-B2029FC214C6}"
EndProject
Project("{FAE04EC0-301F-11D3-BF4B-00C04F79EFBC}") = "WebAssemblySharp.Core", "WebAssemblySharp.Core\WebAssemblySharp.Core.csproj", "{EE1CB1E0-69F0-4444-A99B-6923639084BC}"
EndProject
Project("{FAE04EC0-301F-11D3-BF4B-00C04F79EFBC}") = "WebAssemblySharp.JIT", "WebAssemblySharp.JIT\WebAssemblySharp.JIT.csproj", "{C97EA547-25EC-42FC-ADC5-8BBEA0E3A7D0}"
EndProject
Project("{FAE04EC0-301F-11D3-BF4B-00C04F79EFBC}") = "WebAssemblySharp.InterfaceGenerator", "WebAssemblySharp.InterfaceGenerator\WebAssemblySharp.InterfaceGenerator.csproj", "{DDDE93DF-BDE1-4192-BC2E-3B7A73274507}"
EndProject
Project("{2150E333-8FDC-42A3-9474-1A3956D46DE8}") = "Generators", "Generators", "{A0F82356-2163-470A-878B-1E3727814C8F}"
EndProject
Project("{FAE04EC0-301F-11D3-BF4B-00C04F79EFBC}") = "WebAssemblySharp.GeneratorTest", "WebAssemblySharp.GeneratorTest\WebAssemblySharp.GeneratorTest.csproj", "{D0113E6F-2FDD-4C66-A400-7F88CBE9365D}"
EndProject
Global
	GlobalSection(SolutionConfigurationPlatforms) = preSolution
		Debug|Any CPU = Debug|Any CPU
		Debug|x64 = Debug|x64
		Debug|x86 = Debug|x86
		Release|Any CPU = Release|Any CPU
		Release|x64 = Release|x64
		Release|x86 = Release|x86
	EndGlobalSection
	GlobalSection(ProjectConfigurationPlatforms) = postSolution
		{1652AC83-5A7E-471F-9697-2FF044E8AFC6}.Debug|Any CPU.ActiveCfg = Debug|Any CPU
		{1652AC83-5A7E-471F-9697-2FF044E8AFC6}.Debug|Any CPU.Build.0 = Debug|Any CPU
		{1652AC83-5A7E-471F-9697-2FF044E8AFC6}.Debug|x64.ActiveCfg = Debug|Any CPU
		{1652AC83-5A7E-471F-9697-2FF044E8AFC6}.Debug|x64.Build.0 = Debug|Any CPU
		{1652AC83-5A7E-471F-9697-2FF044E8AFC6}.Debug|x86.ActiveCfg = Debug|Any CPU
		{1652AC83-5A7E-471F-9697-2FF044E8AFC6}.Debug|x86.Build.0 = Debug|Any CPU
		{1652AC83-5A7E-471F-9697-2FF044E8AFC6}.Release|Any CPU.ActiveCfg = Release|Any CPU
		{1652AC83-5A7E-471F-9697-2FF044E8AFC6}.Release|Any CPU.Build.0 = Release|Any CPU
		{1652AC83-5A7E-471F-9697-2FF044E8AFC6}.Release|x64.ActiveCfg = Release|Any CPU
		{1652AC83-5A7E-471F-9697-2FF044E8AFC6}.Release|x64.Build.0 = Release|Any CPU
		{1652AC83-5A7E-471F-9697-2FF044E8AFC6}.Release|x86.ActiveCfg = Release|Any CPU
		{1652AC83-5A7E-471F-9697-2FF044E8AFC6}.Release|x86.Build.0 = Release|Any CPU
		{A942BB41-6194-46CD-99AF-5CFF8FF4C709}.Debug|Any CPU.ActiveCfg = Debug|Any CPU
		{A942BB41-6194-46CD-99AF-5CFF8FF4C709}.Debug|Any CPU.Build.0 = Debug|Any CPU
		{A942BB41-6194-46CD-99AF-5CFF8FF4C709}.Debug|x64.ActiveCfg = Debug|Any CPU
		{A942BB41-6194-46CD-99AF-5CFF8FF4C709}.Debug|x64.Build.0 = Debug|Any CPU
		{A942BB41-6194-46CD-99AF-5CFF8FF4C709}.Debug|x86.ActiveCfg = Debug|Any CPU
		{A942BB41-6194-46CD-99AF-5CFF8FF4C709}.Debug|x86.Build.0 = Debug|Any CPU
		{A942BB41-6194-46CD-99AF-5CFF8FF4C709}.Release|Any CPU.ActiveCfg = Release|Any CPU
		{A942BB41-6194-46CD-99AF-5CFF8FF4C709}.Release|Any CPU.Build.0 = Release|Any CPU
		{A942BB41-6194-46CD-99AF-5CFF8FF4C709}.Release|x64.ActiveCfg = Release|Any CPU
		{A942BB41-6194-46CD-99AF-5CFF8FF4C709}.Release|x64.Build.0 = Release|Any CPU
		{A942BB41-6194-46CD-99AF-5CFF8FF4C709}.Release|x86.ActiveCfg = Release|Any CPU
		{A942BB41-6194-46CD-99AF-5CFF8FF4C709}.Release|x86.Build.0 = Release|Any CPU
		{299C211F-A43D-40B6-B928-677067DB227C}.Debug|Any CPU.ActiveCfg = Debug|Any CPU
		{299C211F-A43D-40B6-B928-677067DB227C}.Debug|Any CPU.Build.0 = Debug|Any CPU
		{299C211F-A43D-40B6-B928-677067DB227C}.Debug|x64.ActiveCfg = Debug|Any CPU
		{299C211F-A43D-40B6-B928-677067DB227C}.Debug|x64.Build.0 = Debug|Any CPU
		{299C211F-A43D-40B6-B928-677067DB227C}.Debug|x86.ActiveCfg = Debug|Any CPU
		{299C211F-A43D-40B6-B928-677067DB227C}.Debug|x86.Build.0 = Debug|Any CPU
		{299C211F-A43D-40B6-B928-677067DB227C}.Release|Any CPU.ActiveCfg = Release|Any CPU
		{299C211F-A43D-40B6-B928-677067DB227C}.Release|Any CPU.Build.0 = Release|Any CPU
		{299C211F-A43D-40B6-B928-677067DB227C}.Release|x64.ActiveCfg = Release|Any CPU
		{299C211F-A43D-40B6-B928-677067DB227C}.Release|x64.Build.0 = Release|Any CPU
		{299C211F-A43D-40B6-B928-677067DB227C}.Release|x86.ActiveCfg = Release|Any CPU
		{299C211F-A43D-40B6-B928-677067DB227C}.Release|x86.Build.0 = Release|Any CPU
		{054A976F-B2C1-4792-971E-B2029FC214C6}.Debug|Any CPU.ActiveCfg = Debug|Any CPU
		{054A976F-B2C1-4792-971E-B2029FC214C6}.Debug|Any CPU.Build.0 = Debug|Any CPU
		{054A976F-B2C1-4792-971E-B2029FC214C6}.Debug|x64.ActiveCfg = Debug|Any CPU
		{054A976F-B2C1-4792-971E-B2029FC214C6}.Debug|x64.Build.0 = Debug|Any CPU
		{054A976F-B2C1-4792-971E-B2029FC214C6}.Debug|x86.ActiveCfg = Debug|Any CPU
		{054A976F-B2C1-4792-971E-B2029FC214C6}.Debug|x86.Build.0 = Debug|Any CPU
		{054A976F-B2C1-4792-971E-B2029FC214C6}.Release|Any CPU.ActiveCfg = Release|Any CPU
		{054A976F-B2C1-4792-971E-B2029FC214C6}.Release|Any CPU.Build.0 = Release|Any CPU
		{054A976F-B2C1-4792-971E-B2029FC214C6}.Release|x64.ActiveCfg = Release|Any CPU
		{054A976F-B2C1-4792-971E-B2029FC214C6}.Release|x64.Build.0 = Release|Any CPU
		{054A976F-B2C1-4792-971E-B2029FC214C6}.Release|x86.ActiveCfg = Release|Any CPU
		{054A976F-B2C1-4792-971E-B2029FC214C6}.Release|x86.Build.0 = Release|Any CPU
		{EE1CB1E0-69F0-4444-A99B-6923639084BC}.Debug|Any CPU.ActiveCfg = Debug|Any CPU
		{EE1CB1E0-69F0-4444-A99B-6923639084BC}.Debug|Any CPU.Build.0 = Debug|Any CPU
		{EE1CB1E0-69F0-4444-A99B-6923639084BC}.Debug|x64.ActiveCfg = Debug|Any CPU
		{EE1CB1E0-69F0-4444-A99B-6923639084BC}.Debug|x64.Build.0 = Debug|Any CPU
		{EE1CB1E0-69F0-4444-A99B-6923639084BC}.Debug|x86.ActiveCfg = Debug|Any CPU
		{EE1CB1E0-69F0-4444-A99B-6923639084BC}.Debug|x86.Build.0 = Debug|Any CPU
		{EE1CB1E0-69F0-4444-A99B-6923639084BC}.Release|Any CPU.ActiveCfg = Release|Any CPU
		{EE1CB1E0-69F0-4444-A99B-6923639084BC}.Release|Any CPU.Build.0 = Release|Any CPU
		{EE1CB1E0-69F0-4444-A99B-6923639084BC}.Release|x64.ActiveCfg = Release|Any CPU
		{EE1CB1E0-69F0-4444-A99B-6923639084BC}.Release|x64.Build.0 = Release|Any CPU
		{EE1CB1E0-69F0-4444-A99B-6923639084BC}.Release|x86.ActiveCfg = Release|Any CPU
		{EE1CB1E0-69F0-4444-A99B-6923639084BC}.Release|x86.Build.0 = Release|Any CPU
		{C97EA547-25EC-42FC-ADC5-8BBEA0E3A7D0}.Debug|Any CPU.ActiveCfg = Debug|Any CPU
		{C97EA547-25EC-42FC-ADC5-8BBEA0E3A7D0}.Debug|Any CPU.Build.0 = Debug|Any CPU
		{C97EA547-25EC-42FC-ADC5-8BBEA0E3A7D0}.Debug|x64.ActiveCfg = Debug|Any CPU
		{C97EA547-25EC-42FC-ADC5-8BBEA0E3A7D0}.Debug|x64.Build.0 = Debug|Any CPU
		{C97EA547-25EC-42FC-ADC5-8BBEA0E3A7D0}.Debug|x86.ActiveCfg = Debug|Any CPU
		{C97EA547-25EC-42FC-ADC5-8BBEA0E3A7D0}.Debug|x86.Build.0 = Debug|Any CPU
		{C97EA547-25EC-42FC-ADC5-8BBEA0E3A7D0}.Release|Any CPU.ActiveCfg = Release|Any CPU
		{C97EA547-25EC-42FC-ADC5-8BBEA0E3A7D0}.Release|Any CPU.Build.0 = Release|Any CPU
		{C97EA547-25EC-42FC-ADC5-8BBEA0E3A7D0}.Release|x64.ActiveCfg = Release|Any CPU
		{C97EA547-25EC-42FC-ADC5-8BBEA0E3A7D0}.Release|x64.Build.0 = Release|Any CPU
		{C97EA547-25EC-42FC-ADC5-8BBEA0E3A7D0}.Release|x86.ActiveCfg = Release|Any CPU
		{C97EA547-25EC-42FC-ADC5-8BBEA0E3A7D0}.Release|x86.Build.0 = Release|Any CPU
		{DDDE93DF-BDE1-4192-BC2E-3B7A73274507}.Debug|Any CPU.ActiveCfg = Debug|Any CPU
		{DDDE93DF-BDE1-4192-BC2E-3B7A73274507}.Debug|Any CPU.Build.0 = Debug|Any CPU
		{DDDE93DF-BDE1-4192-BC2E-3B7A73274507}.Debug|x64.ActiveCfg = Debug|Any CPU
		{DDDE93DF-BDE1-4192-BC2E-3B7A73274507}.Debug|x64.Build.0 = Debug|Any CPU
		{DDDE93DF-BDE1-4192-BC2E-3B7A73274507}.Debug|x86.ActiveCfg = Debug|Any CPU
		{DDDE93DF-BDE1-4192-BC2E-3B7A73274507}.Debug|x86.Build.0 = Debug|Any CPU
		{DDDE93DF-BDE1-4192-BC2E-3B7A73274507}.Release|Any CPU.ActiveCfg = Release|Any CPU
		{DDDE93DF-BDE1-4192-BC2E-3B7A73274507}.Release|Any CPU.Build.0 = Release|Any CPU
		{DDDE93DF-BDE1-4192-BC2E-3B7A73274507}.Release|x64.ActiveCfg = Release|Any CPU
		{DDDE93DF-BDE1-4192-BC2E-3B7A73274507}.Release|x64.Build.0 = Release|Any CPU
		{DDDE93DF-BDE1-4192-BC2E-3B7A73274507}.Release|x86.ActiveCfg = Release|Any CPU
		{DDDE93DF-BDE1-4192-BC2E-3B7A73274507}.Release|x86.Build.0 = Release|Any CPU
		{D0113E6F-2FDD-4C66-A400-7F88CBE9365D}.Debug|Any CPU.ActiveCfg = Debug|Any CPU
		{D0113E6F-2FDD-4C66-A400-7F88CBE9365D}.Debug|Any CPU.Build.0 = Debug|Any CPU
		{D0113E6F-2FDD-4C66-A400-7F88CBE9365D}.Debug|x64.ActiveCfg = Debug|Any CPU
		{D0113E6F-2FDD-4C66-A400-7F88CBE9365D}.Debug|x64.Build.0 = Debug|Any CPU
		{D0113E6F-2FDD-4C66-A400-7F88CBE9365D}.Debug|x86.ActiveCfg = Debug|Any CPU
		{D0113E6F-2FDD-4C66-A400-7F88CBE9365D}.Debug|x86.Build.0 = Debug|Any CPU
		{D0113E6F-2FDD-4C66-A400-7F88CBE9365D}.Release|Any CPU.ActiveCfg = Release|Any CPU
		{D0113E6F-2FDD-4C66-A400-7F88CBE9365D}.Release|Any CPU.Build.0 = Release|Any CPU
		{D0113E6F-2FDD-4C66-A400-7F88CBE9365D}.Release|x64.ActiveCfg = Release|Any CPU
		{D0113E6F-2FDD-4C66-A400-7F88CBE9365D}.Release|x64.Build.0 = Release|Any CPU
		{D0113E6F-2FDD-4C66-A400-7F88CBE9365D}.Release|x86.ActiveCfg = Release|Any CPU
		{D0113E6F-2FDD-4C66-A400-7F88CBE9365D}.Release|x86.Build.0 = Release|Any CPU
	EndGlobalSection
	GlobalSection(SolutionProperties) = preSolution
		HideSolutionNode = FALSE
	EndGlobalSection
	GlobalSection(NestedProjects) = preSolution
		{DDDE93DF-BDE1-4192-BC2E-3B7A73274507} = {A0F82356-2163-470A-878B-1E3727814C8F}
		{D0113E6F-2FDD-4C66-A400-7F88CBE9365D} = {A0F82356-2163-470A-878B-1E3727814C8F}
	EndGlobalSection
EndGlobal
